
Microsoft Visual Studio Solution File, Format Version 12.00
# Visual Studio 15
VisualStudioVersion = 15.0.28307.902
MinimumVisualStudioVersion = 10.0.40219.1
Project("{FAE04EC0-301F-11D3-BF4B-00C04F79EFBC}") = "2020-01-Puzzle", "2020-01-Puzzle.csproj", "{EA43209B-1226-4824-A44F-8C5F2AA7544C}"
EndProject
Global
	GlobalSection(SolutionConfigurationPlatforms) = preSolution
		Debug|x86 = Debug|x86
		Release|x86 = Release|x86
	EndGlobalSection
	GlobalSection(ProjectConfigurationPlatforms) = postSolution
		{EA43209B-1226-4824-A44F-8C5F2AA7544C}.Debug|x86.ActiveCfg = Debug|x86
		{EA43209B-1226-4824-A44F-8C5F2AA7544C}.Debug|x86.Build.0 = Debug|x86
		{EA43209B-1226-4824-A44F-8C5F2AA7544C}.Release|x86.ActiveCfg = Release|x86
		{EA43209B-1226-4824-A44F-8C5F2AA7544C}.Release|x86.Build.0 = Release|x86
	EndGlobalSection
	GlobalSection(SolutionProperties) = preSolution
		HideSolutionNode = FALSE
	EndGlobalSection
	GlobalSection(ExtensibilityGlobals) = postSolution
		SolutionGuid = {BB0E361D-224A-4753-A6FF-1415F56DB756}
	EndGlobalSection
EndGlobal
